{
  "requires": true,
  "lockfileVersion": 1,
  "dependencies": {
    "sassy-datepicker": {
      "version": "0.6.0",
      "resolved": "https://registry.npmjs.org/sassy-datepicker/-/sassy-datepicker-0.6.0.tgz",
      "integrity": "sha512-8mjMcPrypdXSYMq/PhUjV6rj4D4GRin+9X8qW66qrnZo5SEIe5fIyj418F3oI34TSeCOmimMtO735NgFsng5Ug=="
    },
    "smart-webcomponents": {
      "version": "10.0.0",
      "resolved": "https://registry.npmjs.org/smart-webcomponents/-/smart-webcomponents-10.0.0.tgz",
      "integrity": "sha512-kGIDVSCbWkgW3hSRjh2phkBqXkeXLIU3s/s8JT+U/RFb+7AzJ90dDpMgusyZJraLcn96H8rfFNSW9qpsG5Tpdw=="
    }
  }
}
